
Microsoft Visual Studio Solution File, Format Version 12.00
# Visual Studio Version 17
VisualStudioVersion = 17.0.31903.59
MinimumVisualStudioVersion = 10.0.40219.1
Project("{9A19103F-16F7-4668-BE54-9A1E7A4F7556}") = "ProjectApi", "ProjectApi\ProjectApi.csproj", "{1F6F5D39-F0C1-4613-BBFF-31094AAF61B3}"
EndProject
Project("{FAE04EC0-301F-11D3-BF4B-00C04F79EFBC}") = "BL", "BL\BL.csproj", "{B29DC5B9-0631-47BC-8241-6621C5EC4000}"
	ProjectSection(ProjectDependencies) = postProject
		{CC8B9202-48E5-4929-AC09-59CCC02CD23A} = {CC8B9202-48E5-4929-AC09-59CCC02CD23A}
	EndProjectSection
EndProject
Project("{FAE04EC0-301F-11D3-BF4B-00C04F79EFBC}") = "DAL", "DAL\DAL.csproj", "{CC8B9202-48E5-4929-AC09-59CCC02CD23A}"
EndProject
Global
	GlobalSection(SolutionConfigurationPlatforms) = preSolution
		Debug|Any CPU = Debug|Any CPU
		Release|Any CPU = Release|Any CPU
	EndGlobalSection
	GlobalSection(ProjectConfigurationPlatforms) = postSolution
		{1F6F5D39-F0C1-4613-BBFF-31094AAF61B3}.Debug|Any CPU.ActiveCfg = Debug|Any CPU
		{1F6F5D39-F0C1-4613-BBFF-31094AAF61B3}.Debug|Any CPU.Build.0 = Debug|Any CPU
		{1F6F5D39-F0C1-4613-BBFF-31094AAF61B3}.Release|Any CPU.ActiveCfg = Release|Any CPU
		{1F6F5D39-F0C1-4613-BBFF-31094AAF61B3}.Release|Any CPU.Build.0 = Release|Any CPU
		{B29DC5B9-0631-47BC-8241-6621C5EC4000}.Debug|Any CPU.ActiveCfg = Debug|Any CPU
		{B29DC5B9-0631-47BC-8241-6621C5EC4000}.Debug|Any CPU.Build.0 = Debug|Any CPU
		{B29DC5B9-0631-47BC-8241-6621C5EC4000}.Release|Any CPU.ActiveCfg = Release|Any CPU
		{B29DC5B9-0631-47BC-8241-6621C5EC4000}.Release|Any CPU.Build.0 = Release|Any CPU
		{CC8B9202-48E5-4929-AC09-59CCC02CD23A}.Debug|Any CPU.ActiveCfg = Debug|Any CPU
		{CC8B9202-48E5-4929-AC09-59CCC02CD23A}.Debug|Any CPU.Build.0 = Debug|Any CPU
		{CC8B9202-48E5-4929-AC09-59CCC02CD23A}.Release|Any CPU.ActiveCfg = Release|Any CPU
		{CC8B9202-48E5-4929-AC09-59CCC02CD23A}.Release|Any CPU.Build.0 = Release|Any CPU
	EndGlobalSection
	GlobalSection(SolutionProperties) = preSolution
		HideSolutionNode = FALSE
	EndGlobalSection
	GlobalSection(ExtensibilityGlobals) = postSolution
		SolutionGuid = {E30AC6DC-D0D9-4B2F-9395-EB2EA0907B67}
	EndGlobalSection
EndGlobal
